
Microsoft Visual Studio Solution File, Format Version 12.00
# Visual Studio Version 16
VisualStudioVersion = 16.0.29519.181
MinimumVisualStudioVersion = 10.0.40219.1
Project("{8BC9CEB8-8B4A-11D0-8D11-00A0C91BC942}") = "Interop_Cpp", "Interop_Cpp\Interop_Cpp.vcxproj", "{2958CA65-D624-427F-99C8-95CCB4113506}"
EndProject
Project("{8BC9CEB8-8B4A-11D0-8D11-00A0C91BC942}") = "Project1", "Project1\Project1.vcxproj", "{DF18B923-A927-40D7-B7BE-ADFADF69631C}"
EndProject
Project("{9A19103F-16F7-4668-BE54-9A1E7A4F7556}") = "CSharp", "CSharp\CSharp.csproj", "{F85C6C38-7F0C-44F5-8368-45284A134954}"
EndProject
Project("{9A19103F-16F7-4668-BE54-9A1E7A4F7556}") = "Wpf", "Wpf\Wpf.csproj", "{EF8F8639-29B2-47F7-A389-2502F4E515BF}"
EndProject
Global
	GlobalSection(SolutionConfigurationPlatforms) = preSolution
		Debug|Any CPU = Debug|Any CPU
		Debug|x64 = Debug|x64
		Debug|x86 = Debug|x86
		Release|Any CPU = Release|Any CPU
		Release|x64 = Release|x64
		Release|x86 = Release|x86
	EndGlobalSection
	GlobalSection(ProjectConfigurationPlatforms) = postSolution
		{2958CA65-D624-427F-99C8-95CCB4113506}.Debug|Any CPU.ActiveCfg = Debug|x64
		{2958CA65-D624-427F-99C8-95CCB4113506}.Debug|Any CPU.Build.0 = Debug|x64
		{2958CA65-D624-427F-99C8-95CCB4113506}.Debug|x64.ActiveCfg = Debug|x64
		{2958CA65-D624-427F-99C8-95CCB4113506}.Debug|x64.Build.0 = Debug|x64
		{2958CA65-D624-427F-99C8-95CCB4113506}.Debug|x86.ActiveCfg = Debug|Win32
		{2958CA65-D624-427F-99C8-95CCB4113506}.Debug|x86.Build.0 = Debug|Win32
		{2958CA65-D624-427F-99C8-95CCB4113506}.Release|Any CPU.ActiveCfg = Release|x64
		{2958CA65-D624-427F-99C8-95CCB4113506}.Release|x64.ActiveCfg = Release|x64
		{2958CA65-D624-427F-99C8-95CCB4113506}.Release|x64.Build.0 = Release|x64
		{2958CA65-D624-427F-99C8-95CCB4113506}.Release|x86.ActiveCfg = Release|Win32
		{2958CA65-D624-427F-99C8-95CCB4113506}.Release|x86.Build.0 = Release|Win32
		{DF18B923-A927-40D7-B7BE-ADFADF69631C}.Debug|Any CPU.ActiveCfg = Debug|x64
		{DF18B923-A927-40D7-B7BE-ADFADF69631C}.Debug|Any CPU.Build.0 = Debug|x64
		{DF18B923-A927-40D7-B7BE-ADFADF69631C}.Debug|x64.ActiveCfg = Debug|x64
		{DF18B923-A927-40D7-B7BE-ADFADF69631C}.Debug|x64.Build.0 = Debug|x64
		{DF18B923-A927-40D7-B7BE-ADFADF69631C}.Debug|x86.ActiveCfg = Debug|Win32
		{DF18B923-A927-40D7-B7BE-ADFADF69631C}.Debug|x86.Build.0 = Debug|Win32
		{DF18B923-A927-40D7-B7BE-ADFADF69631C}.Release|Any CPU.ActiveCfg = Release|x64
		{DF18B923-A927-40D7-B7BE-ADFADF69631C}.Release|x64.ActiveCfg = Release|x64
		{DF18B923-A927-40D7-B7BE-ADFADF69631C}.Release|x64.Build.0 = Release|x64
		{DF18B923-A927-40D7-B7BE-ADFADF69631C}.Release|x86.ActiveCfg = Release|Win32
		{DF18B923-A927-40D7-B7BE-ADFADF69631C}.Release|x86.Build.0 = Release|Win32
		{F85C6C38-7F0C-44F5-8368-45284A134954}.Debug|Any CPU.ActiveCfg = Debug|Any CPU
		{F85C6C38-7F0C-44F5-8368-45284A134954}.Debug|Any CPU.Build.0 = Debug|Any CPU
		{F85C6C38-7F0C-44F5-8368-45284A134954}.Debug|x64.ActiveCfg = Debug|Any CPU
		{F85C6C38-7F0C-44F5-8368-45284A134954}.Debug|x86.ActiveCfg = Debug|Any CPU
		{F85C6C38-7F0C-44F5-8368-45284A134954}.Debug|x86.Build.0 = Debug|Any CPU
		{F85C6C38-7F0C-44F5-8368-45284A134954}.Release|Any CPU.ActiveCfg = Release|Any CPU
		{F85C6C38-7F0C-44F5-8368-45284A134954}.Release|Any CPU.Build.0 = Release|Any CPU
		{F85C6C38-7F0C-44F5-8368-45284A134954}.Release|x64.ActiveCfg = Release|Any CPU
		{F85C6C38-7F0C-44F5-8368-45284A134954}.Release|x64.Build.0 = Release|Any CPU
		{F85C6C38-7F0C-44F5-8368-45284A134954}.Release|x86.ActiveCfg = Release|Any CPU
		{F85C6C38-7F0C-44F5-8368-45284A134954}.Release|x86.Build.0 = Release|Any CPU
		{EF8F8639-29B2-47F7-A389-2502F4E515BF}.Debug|Any CPU.ActiveCfg = Debug|Any CPU
		{EF8F8639-29B2-47F7-A389-2502F4E515BF}.Debug|Any CPU.Build.0 = Debug|Any CPU
		{EF8F8639-29B2-47F7-A389-2502F4E515BF}.Debug|x64.ActiveCfg = Debug|Any CPU
		{EF8F8639-29B2-47F7-A389-2502F4E515BF}.Debug|x64.Build.0 = Debug|Any CPU
		{EF8F8639-29B2-47F7-A389-2502F4E515BF}.Debug|x86.ActiveCfg = Debug|Any CPU
		{EF8F8639-29B2-47F7-A389-2502F4E515BF}.Debug|x86.Build.0 = Debug|Any CPU
		{EF8F8639-29B2-47F7-A389-2502F4E515BF}.Release|Any CPU.ActiveCfg = Release|Any CPU
		{EF8F8639-29B2-47F7-A389-2502F4E515BF}.Release|Any CPU.Build.0 = Release|Any CPU
		{EF8F8639-29B2-47F7-A389-2502F4E515BF}.Release|x64.ActiveCfg = Release|Any CPU
		{EF8F8639-29B2-47F7-A389-2502F4E515BF}.Release|x64.Build.0 = Release|Any CPU
		{EF8F8639-29B2-47F7-A389-2502F4E515BF}.Release|x86.ActiveCfg = Release|Any CPU
		{EF8F8639-29B2-47F7-A389-2502F4E515BF}.Release|x86.Build.0 = Release|Any CPU
	EndGlobalSection
	GlobalSection(SolutionProperties) = preSolution
		HideSolutionNode = FALSE
	EndGlobalSection
	GlobalSection(ExtensibilityGlobals) = postSolution
		SolutionGuid = {7287C34C-FB15-4CE7-859E-670139592965}
	EndGlobalSection
EndGlobal
